// !$*UTF8*$!
{
	archiveVersion = 1;
	classes = {
	};
	objectVersion = 48;
	objects = {

/* Begin PBXBuildFile section */
		C9ACB3F21F9692BF008C988C /* AppDelegate.swift in Sources */ = {isa = PBXBuildFile; fileRef = C9ACB3F11F9692BF008C988C /* AppDelegate.swift */; };
		C9ACB3F81F9692BF008C988C /* GameScene.swift in Sources */ = {isa = PBXBuildFile; fileRef = C9ACB3F71F9692BF008C988C /* GameScene.swift */; };
		C9ACB3FA1F9692BF008C988C /* GameViewController.swift in Sources */ = {isa = PBXBuildFile; fileRef = C9ACB3F91F9692BF008C988C /* GameViewController.swift */; };
		C9ACB3FD1F9692BF008C988C /* Main.storyboard in Resources */ = {isa = PBXBuildFile; fileRef = C9ACB3FB1F9692BF008C988C /* Main.storyboard */; };
		C9ACB3FF1F9692BF008C988C /* Assets.xcassets in Resources */ = {isa = PBXBuildFile; fileRef = C9ACB3FE1F9692BF008C988C /* Assets.xcassets */; };
		C9ACB4021F9692BF008C988C /* LaunchScreen.storyboard in Resources */ = {isa = PBXBuildFile; fileRef = C9ACB4001F9692BF008C988C /* LaunchScreen.storyboard */; };
/* End PBXBuildFile section */

/* Begin PBXFileReference section */
		C9ACB3EE1F9692BF008C988C /* AvailableFonts.app */ = {isa = PBXFileReference; explicitFileType = wrapper.application; includeInIndex = 0; path = AvailableFonts.app; sourceTree = BUILT_PRODUCTS_DIR; };
		C9ACB3F11F9692BF008C988C /* AppDelegate.swift */ = {isa = PBXFileReference; lastKnownFileType = sourcecode.swift; path = AppDelegate.swift; sourceTree = "<group>"; };
		C9ACB3F71F9692BF008C988C /* GameScene.swift */ = {isa = PBXFileReference; lastKnownFileType = sourcecode.swift; path = GameScene.swift; sourceTree = "<group>"; };
		C9ACB3F91F9692BF008C988C /* GameViewController.swift */ = {isa = PBXFileReference; lastKnownFileType = sourcecode.swift; path = GameViewController.swift; sourceTree = "<group>"; };
		C9ACB3FC1F9692BF008C988C /* Base */ = {isa = PBXFileReference; lastKnownFileType = file.storyboard; name = Base; path = Base.lproj/Main.storyboard; sourceTree = "<group>"; };
		C9ACB3FE1F9692BF008C988C /* Assets.xcassets */ = {isa = PBXFileReference; lastKnownFileType = folder.assetcatalog; path = Assets.xcassets; sourceTree = "<group>"; };
		C9ACB4011F9692BF008C988C /* Base */ = {isa = PBXFileReference; lastKnownFileType = file.storyboard; name = Base; path = Base.lproj/LaunchScreen.storyboard; sourceTree = "<group>"; };
		C9ACB4031F9692BF008C988C /* Info.plist */ = {isa = PBXFileReference; lastKnownFileType = text.plist.xml; path = Info.plist; sourceTree = "<group>"; };
/* End PBXFileReference section */

/* Begin PBXFrameworksBuildPhase section */
		C9ACB3EB1F9692BF008C988C /* Frameworks */ = {
			isa = PBXFrameworksBuildPhase;
			buildActionMask = 2147483647;
			files = (
			);
			runOnlyForDeploymentPostprocessing = 0;
		};
/* End PBXFrameworksBuildPhase section */

/* Begin PBXGroup section */
		C9ACB3E51F9692BF008C988C = {
			isa = PBXGroup;
			children = (
				C9ACB3F01F9692BF008C988C /* AvailableFonts */,
				C9ACB3EF1F9692BF008C988C /* Products */,
			);
			sourceTree = "<group>";
		};
		C9ACB3EF1F9692BF008C988C /* Products */ = {
			isa = PBXGroup;
			children = (
				C9ACB3EE1F9692BF008C988C /* AvailableFonts.app */,
			);
			name = Products;
			sourceTree = "<group>";
		};
		C9ACB3F01F9692BF008C988C /* AvailableFonts */ = {
			isa = PBXGroup;
			children = (
				C9ACB3F11F9692BF008C988C /* AppDelegate.swift */,
				C9ACB3F71F9692BF008C988C /* GameScene.swift */,
				C9ACB3F91F9692BF008C988C /* GameViewController.swift */,
				C9ACB3FB1F9692BF008C988C /* Main.storyboard */,
				C9ACB3FE1F9692BF008C988C /* Assets.xcassets */,
				C9ACB4001F9692BF008C988C /* LaunchScreen.storyboard */,
				C9ACB4031F9692BF008C988C /* Info.plist */,
			);
			path = AvailableFonts;
			sourceTree = "<group>";
		};
/* End PBXGroup section */

/* Begin PBXNativeTarget section */
		C9ACB3ED1F9692BF008C988C /* AvailableFonts */ = {
			isa = PBXNativeTarget;
			buildConfigurationList = C9ACB4061F9692BF008C988C /* Build configuration list for PBXNativeTarget "AvailableFonts" */;
			buildPhases = (
				C9ACB3EA1F9692BF008C988C /* Sources */,
				C9ACB3EB1F9692BF008C988C /* Frameworks */,
				C9ACB3EC1F9692BF008C988C /* Resources */,
			);
			buildRules = (
			);
			dependencies = (
			);
			name = AvailableFonts;
			productName = AvailableFonts;
			productReference = C9ACB3EE1F9692BF008C988C /* AvailableFonts.app */;
			productType = "com.apple.product-type.application";
		};
/* End PBXNativeTarget section */

/* Begin PBXProject section */
		C9ACB3E61F9692BF008C988C /* Project object */ = {
			isa = PBXProject;
			attributes = {
				LastSwiftUpdateCheck = 0900;
				LastUpgradeCheck = 0900;
				ORGANIZATIONNAME = "Matthew J. Perkins";
				TargetAttributes = {
					C9ACB3ED1F9692BF008C988C = {
						CreatedOnToolsVersion = 9.0;
						ProvisioningStyle = Automatic;
					};
				};
			};
			buildConfigurationList = C9ACB3E91F9692BF008C988C /* Build configuration list for PBXProject "AvailableFonts" */;
			compatibilityVersion = "Xcode 8.0";
			developmentRegion = en;
			hasScannedForEncodings = 0;
			knownRegions = (
				en,
				Base,
			);
			mainGroup = C9ACB3E51F9692BF008C988C;
			productRefGroup = C9ACB3EF1F9692BF008C988C /* Products */;
			projectDirPath = "";
			projectRoot = "";
			targets = (
				C9ACB3ED1F9692BF008C988C /* AvailableFonts */,
			);
		};
/* End PBXProject section */

/* Begin PBXResourcesBuildPhase section */
		C9ACB3EC1F9692BF008C988C /* Resources */ = {
			isa = PBXResourcesBuildPhase;
			buildActionMask = 2147483647;
			files = (
				C9ACB3FD1F9692BF008C988C /* Main.storyboard in Resources */,
				C9ACB3FF1F9692BF008C988C /* Assets.xcassets in Resources */,
				C9ACB4021F9692BF008C988C /* LaunchScreen.storyboard in Resources */,
			);
			runOnlyForDeploymentPostprocessing = 0;
		};
/* End PBXResourcesBuildPhase section */

/* Begin PBXSourcesBuildPhase section */
		C9ACB3EA1F9692BF008C988C /* Sources */ = {
			isa = PBXSourcesBuildPhase;
			buildActionMask = 2147483647;
			files = (
				C9ACB3F81F9692BF008C988C /* GameScene.swift in Sources */,
				C9ACB3FA1F9692BF008C988C /* GameViewController.swift in Sources */,
				C9ACB3F21F9692BF008C988C /* AppDelegate.swift in Sources */,
			);
			runOnlyForDeploymentPostprocessing = 0;
		};
/* End PBXSourcesBuildPhase section */

/* Begin PBXVariantGroup section */
		C9ACB3FB1F9692BF008C988C /* Main.storyboard */ = {
			isa = PBXVariantGroup;
			children = (
				C9ACB3FC1F9692BF008C988C /* Base */,
			);
			name = Main.storyboard;
			sourceTree = "<group>";
		};
		C9ACB4001F9692BF008C988C /* LaunchScreen.storyboard */ = {
			isa = PBXVariantGroup;
			children = (
				C9ACB4011F9692BF008C988C /* Base */,
			);
			name = LaunchScreen.storyboard;
			sourceTree = "<group>";
		};
/* End PBXVariantGroup section */

/* Begin XCBuildConfiguration section */
		C9ACB4041F9692BF008C988C /* Debug */ = {
			isa = XCBuildConfiguration;
			buildSettings = {
				ALWAYS_SEARCH_USER_PATHS = NO;
				CLANG_ANALYZER_NONNULL = YES;
				CLANG_ANALYZER_NUMBER_OBJECT_CONVERSION = YES_AGGRESSIVE;
				CLANG_CXX_LANGUAGE_STANDARD = "gnu++14";
				CLANG_CXX_LIBRARY = "libc++";
				CLANG_ENABLE_MODULES = YES;
				CLANG_ENABLE_OBJC_ARC = YES;
				CLANG_WARN_BLOCK_CAPTURE_AUTORELEASING = YES;
				CLANG_WARN_BOOL_CONVERSION = YES;
				CLANG_WARN_COMMA = YES;
				CLANG_WARN_CONSTANT_CONVERSION = YES;
				CLANG_WARN_DIRECT_OBJC_ISA_USAGE = YES_ERROR;
				CLANG_WARN_DOCUMENTATION_COMMENTS = YES;
				CLANG_WARN_EMPTY_BODY = YES;
				CLANG_WARN_ENUM_CONVERSION = YES;
				CLANG_WARN_INFINITE_RECURSION = YES;
				CLANG_WARN_INT_CONVERSION = YES;
				CLANG_WARN_NON_LITERAL_NULL_CONVERSION = YES;
				CLANG_WARN_OBJC_LITERAL_CONVERSION = YES;
				CLANG_WARN_OBJC_ROOT_CLASS = YES_ERROR;
				CLANG_WARN_RANGE_LOOP_ANALYSIS = YES;
				CLANG_WARN_STRICT_PROTOTYPES = YES;
				CLANG_WARN_SUSPICIOUS_MOVE = YES;
				CLANG_WARN_UNGUARDED_AVAILABILITY = YES_AGGRESSIVE;
				CLANG_WARN_UNREACHABLE_CODE = YES;
				CLANG_WARN__DUPLICATE_METHOD_MATCH = YES;
				CODE_SIGN_IDENTITY = "iPhone Developer";
				COPY_PHASE_STRIP = NO;
				DEBUG_INFORMATION_FORMAT = dwarf;
				ENABLE_STRICT_OBJC_MSGSEND = YES;
				ENABLE_TESTABILITY = YES;
				GCC_C_LANGUAGE_STANDARD = gnu11;
				GCC_DYNAMIC_NO_PIC = NO;
				GCC_NO_COMMON_BLOCKS = YES;
				GCC_OPTIMIZATION_LEVEL = 0;
				GCC_PREPROCESSOR_DEFINITIONS = (
					"DEBUG=1",
					"$(inherited)",
				);
				GCC_WARN_64_TO_32_BIT_CONVERSION = YES;
				GCC_WARN_ABOUT_RETURN_TYPE = YES_ERROR;
				GCC_WARN_UNDECLARED_SELECTOR = YES;
				GCC_WARN_UNINITIALIZED_AUTOS = YES_AGGRESSIVE;
				GCC_WARN_UNUSED_FUNCTION = YES;
				GCC_WARN_UNUSED_VARIABLE = YES;
				IPHONEOS_DEPLOYMENT_TARGET = 11.0;
				MTL_ENABLE_DEBUG_INFO = YES;
				ONLY_ACTIVE_ARCH = YES;
				SDKROOT = iphoneos;
				SWIFT_ACTIVE_COMPILATION_CONDITIONS = DEBUG;
				SWIFT_OPTIMIZATION_LEVEL = "-Onone";
			};
			name = Debug;
		};
		C9ACB4051F9692BF008C988C /* Release */ = {
			isa = XCBuildConfiguration;
			buildSettings = {
				ALWAYS_SEARCH_USER_PATHS = NO;
				CLANG_ANALYZER_NONNULL = YES;
				CLANG_ANALYZER_NUMBER_OBJECT_CONVERSION = YES_AGGRESSIVE;
				CLANG_CXX_LANGUAGE_STANDARD = "gnu++14";
				CLANG_CXX_LIBRARY = "libc++";
				CLANG_ENABLE_MODULES = YES;
				CLANG_ENABLE_OBJC_ARC = YES;
				CLANG_WARN_BLOCK_CAPTURE_AUTORELEASING = YES;
				CLANG_WARN_BOOL_CONVERSION = YES;
				CLANG_WARN_COMMA = YES;
				CLANG_WARN_CONSTANT_CONVERSION = YES;
				CLANG_WARN_DIRECT_OBJC_ISA_USAGE = YES_ERROR;
				CLANG_WARN_DOCUMENTATION_COMMENTS = YES;
				CLANG_WARN_EMPTY_BODY = YES;
				CLANG_WARN_ENUM_CONVERSION = YES;
				CLANG_WARN_INFINITE_RECURSION = YES;
				CLANG_WARN_INT_CONVERSION = YES;
				CLANG_WARN_NON_LITERAL_NULL_CONVERSION = YES;
				CLANG_WARN_OBJC_LITERAL_CONVERSION = YES;
				CLANG_WARN_OBJC_ROOT_CLASS = YES_ERROR;
				CLANG_WARN_RANGE_LOOP_ANALYSIS = YES;
				CLANG_WARN_STRICT_PROTOTYPES = YES;
				CLANG_WARN_SUSPICIOUS_MOVE = YES;
				CLANG_WARN_UNGUARDED_AVAILABILITY = YES_AGGRESSIVE;
				CLANG_WARN_UNREACHABLE_CODE = YES;
				CLANG_WARN__DUPLICATE_METHOD_MATCH = YES;
				CODE_SIGN_IDENTITY = "iPhone Developer";
				COPY_PHASE_STRIP = NO;
				DEBUG_INFORMATION_FORMAT = "dwarf-with-dsym";
				ENABLE_NS_ASSERTIONS = NO;
				ENABLE_STRICT_OBJC_MSGSEND = YES;
				GCC_C_LANGUAGE_STANDARD = gnu11;
				GCC_NO_COMMON_BLOCKS = YES;
				GCC_WARN_64_TO_32_BIT_CONVERSION = YES;
				GCC_WARN_ABOUT_RETURN_TYPE = YES_ERROR;
				GCC_WARN_UNDECLARED_SELECTOR = YES;
				GCC_WARN_UNINITIALIZED_AUTOS = YES_AGGRESSIVE;
				GCC_WARN_UNUSED_FUNCTION = YES;
				GCC_WARN_UNUSED_VARIABLE = YES;
				IPHONEOS_DEPLOYMENT_TARGET = 11.0;
				MTL_ENABLE_DEBUG_INFO = NO;
				SDKROOT = iphoneos;
				SWIFT_OPTIMIZATION_LEVEL = "-Owholemodule";
				VALIDATE_PRODUCT = YES;
			};
			name = Release;
		};
		C9ACB4071F9692BF008C988C /* Debug */ = {
			isa = XCBuildConfiguration;
			buildSettings = {
				ASSETCATALOG_COMPILER_APPICON_NAME = AppIcon;
				CODE_SIGN_STYLE = Automatic;
				DEVELOPMENT_TEAM = 6DW6U2V44H;
				INFOPLIST_FILE = AvailableFonts/Info.plist;
				LD_RUNPATH_SEARCH_PATHS = "$(inherited) @executable_path/Frameworks";
				PRODUCT_BUNDLE_IDENTIFIER = Perkins.AvailableFonts;
				PRODUCT_NAME = "$(TARGET_NAME)";
				SWIFT_VERSION = 4.0;
				TARGETED_DEVICE_FAMILY = "1,2";
			};
			name = Debug;
		};
		C9ACB4081F9692BF008C988C /* Release */ = {
			isa = XCBuildConfiguration;
			buildSettings = {
				ASSETCATALOG_COMPILER_APPICON_NAME = AppIcon;
				CODE_SIGN_STYLE = Automatic;
				DEVELOPMENT_TEAM = 6DW6U2V44H;
				INFOPLIST_FILE = AvailableFonts/Info.plist;
				LD_RUNPATH_SEARCH_PATHS = "$(inherited) @executable_path/Frameworks";
				PRODUCT_BUNDLE_IDENTIFIER = Perkins.AvailableFonts;
				PRODUCT_NAME = "$(TARGET_NAME)";
				SWIFT_VERSION = 4.0;
				TARGETED_DEVICE_FAMILY = "1,2";
			};
			name = Release;
		};
/* End XCBuildConfiguration section */

/* Begin XCConfigurationList section */
		C9ACB3E91F9692BF008C988C /* Build configuration list for PBXProject "AvailableFonts" */ = {
			isa = XCConfigurationList;
			buildConfigurations = (
				C9ACB4041F9692BF008C988C /* Debug */,
				C9ACB4051F9692BF008C988C /* Release */,
			);
			defaultConfigurationIsVisible = 0;
			defaultConfigurationName = Release;
		};
		C9ACB4061F9692BF008C988C /* Build configuration list for PBXNativeTarget "AvailableFonts" */ = {
			isa = XCConfigurationList;
			buildConfigurations = (
				C9ACB4071F9692BF008C988C /* Debug */,
				C9ACB4081F9692BF008C988C /* Release */,
			);
			defaultConfigurationIsVisible = 0;
			defaultConfigurationName = Release;
		};
/* End XCConfigurationList section */
	};
	rootObject = C9ACB3E61F9692BF008C988C /* Project object */;
}
